
Microsoft Visual Studio Solution File, Format Version 12.00
# Visual Studio Version 16
VisualStudioVersion = 16.0.31515.178
MinimumVisualStudioVersion = 10.0.40219.1
Project("{FAE04EC0-301F-11D3-BF4B-00C04F79EFBC}") = "ClassesAssignment", "ClassesAssignment\ClassesAssignment.csproj", "{18B4141E-20FA-4392-A4E9-12B5E5FA2D76}"
EndProject
Project("{FAE04EC0-301F-11D3-BF4B-00C04F79EFBC}") = "Hierarchy", "Hierarchy\Hierarchy.csproj", "{57F5E0A6-1B21-40A9-AAF7-F4BB4D670111}"
EndProject
Global
	GlobalSection(SolutionConfigurationPlatforms) = preSolution
		Debug|Any CPU = Debug|Any CPU
		Release|Any CPU = Release|Any CPU
	EndGlobalSection
	GlobalSection(ProjectConfigurationPlatforms) = postSolution
		{18B4141E-20FA-4392-A4E9-12B5E5FA2D76}.Debug|Any CPU.ActiveCfg = Debug|Any CPU
		{18B4141E-20FA-4392-A4E9-12B5E5FA2D76}.Debug|Any CPU.Build.0 = Debug|Any CPU
		{18B4141E-20FA-4392-A4E9-12B5E5FA2D76}.Release|Any CPU.ActiveCfg = Release|Any CPU
		{18B4141E-20FA-4392-A4E9-12B5E5FA2D76}.Release|Any CPU.Build.0 = Release|Any CPU
		{57F5E0A6-1B21-40A9-AAF7-F4BB4D670111}.Debug|Any CPU.ActiveCfg = Debug|Any CPU
		{57F5E0A6-1B21-40A9-AAF7-F4BB4D670111}.Debug|Any CPU.Build.0 = Debug|Any CPU
		{57F5E0A6-1B21-40A9-AAF7-F4BB4D670111}.Release|Any CPU.ActiveCfg = Release|Any CPU
		{57F5E0A6-1B21-40A9-AAF7-F4BB4D670111}.Release|Any CPU.Build.0 = Release|Any CPU
	EndGlobalSection
	GlobalSection(SolutionProperties) = preSolution
		HideSolutionNode = FALSE
	EndGlobalSection
	GlobalSection(ExtensibilityGlobals) = postSolution
		SolutionGuid = {14B76231-3CB9-4EFA-A73F-2BECF56ADFB8}
	EndGlobalSection
EndGlobal
