
Microsoft Visual Studio Solution File, Format Version 12.00
# Visual Studio Version 16
VisualStudioVersion = 16.0.31515.178
MinimumVisualStudioVersion = 10.0.40219.1
Project("{FAE04EC0-301F-11D3-BF4B-00C04F79EFBC}") = "ProxyDemo", "ProxyDemo\ProxyDemo.csproj", "{21BADFE6-1490-4D05-9872-40B93EEBEDAA}"
EndProject
Project("{FAE04EC0-301F-11D3-BF4B-00C04F79EFBC}") = "FacadeDemo", "FacadeDemo\FacadeDemo.csproj", "{6E8FA1E9-39D1-47C3-9AF3-B774D9EA233E}"
EndProject
Global
	GlobalSection(SolutionConfigurationPlatforms) = preSolution
		Debug|Any CPU = Debug|Any CPU
		Release|Any CPU = Release|Any CPU
	EndGlobalSection
	GlobalSection(ProjectConfigurationPlatforms) = postSolution
		{21BADFE6-1490-4D05-9872-40B93EEBEDAA}.Debug|Any CPU.ActiveCfg = Debug|Any CPU
		{21BADFE6-1490-4D05-9872-40B93EEBEDAA}.Debug|Any CPU.Build.0 = Debug|Any CPU
		{21BADFE6-1490-4D05-9872-40B93EEBEDAA}.Release|Any CPU.ActiveCfg = Release|Any CPU
		{21BADFE6-1490-4D05-9872-40B93EEBEDAA}.Release|Any CPU.Build.0 = Release|Any CPU
		{6E8FA1E9-39D1-47C3-9AF3-B774D9EA233E}.Debug|Any CPU.ActiveCfg = Debug|Any CPU
		{6E8FA1E9-39D1-47C3-9AF3-B774D9EA233E}.Debug|Any CPU.Build.0 = Debug|Any CPU
		{6E8FA1E9-39D1-47C3-9AF3-B774D9EA233E}.Release|Any CPU.ActiveCfg = Release|Any CPU
		{6E8FA1E9-39D1-47C3-9AF3-B774D9EA233E}.Release|Any CPU.Build.0 = Release|Any CPU
	EndGlobalSection
	GlobalSection(SolutionProperties) = preSolution
		HideSolutionNode = FALSE
	EndGlobalSection
	GlobalSection(ExtensibilityGlobals) = postSolution
		SolutionGuid = {C0EE0EFD-7E94-4749-B7C0-54A6C0F70C1A}
	EndGlobalSection
EndGlobal
