
Microsoft Visual Studio Solution File, Format Version 12.00
# Visual Studio Version 16
VisualStudioVersion = 16.0.31515.178
MinimumVisualStudioVersion = 10.0.40219.1
Project("{FAE04EC0-301F-11D3-BF4B-00C04F79EFBC}") = "HelloWorld", "HelloWorld\HelloWorld.csproj", "{082CBC87-E98B-4153-85C7-8EC25C25C422}"
EndProject
Global
	GlobalSection(SolutionConfigurationPlatforms) = preSolution
		Debug|Any CPU = Debug|Any CPU
		Release|Any CPU = Release|Any CPU
	EndGlobalSection
	GlobalSection(ProjectConfigurationPlatforms) = postSolution
		{082CBC87-E98B-4153-85C7-8EC25C25C422}.Debug|Any CPU.ActiveCfg = Debug|Any CPU
		{082CBC87-E98B-4153-85C7-8EC25C25C422}.Debug|Any CPU.Build.0 = Debug|Any CPU
		{082CBC87-E98B-4153-85C7-8EC25C25C422}.Release|Any CPU.ActiveCfg = Release|Any CPU
		{082CBC87-E98B-4153-85C7-8EC25C25C422}.Release|Any CPU.Build.0 = Release|Any CPU
	EndGlobalSection
	GlobalSection(SolutionProperties) = preSolution
		HideSolutionNode = FALSE
	EndGlobalSection
	GlobalSection(ExtensibilityGlobals) = postSolution
		SolutionGuid = {DF1090C3-CC6C-45D8-AFE9-EFFA3B0CB9FB}
	EndGlobalSection
EndGlobal
