
Microsoft Visual Studio Solution File, Format Version 12.00
# Visual Studio Version 16
VisualStudioVersion = 16.0.31515.178
MinimumVisualStudioVersion = 10.0.40219.1
Project("{FAE04EC0-301F-11D3-BF4B-00C04F79EFBC}") = "Creational Patterns", "Creational Patterns\Creational Patterns.csproj", "{DA9FCD0F-ED1B-4E5A-B975-6315E408F2B8}"
EndProject
Global
	GlobalSection(SolutionConfigurationPlatforms) = preSolution
		Debug|Any CPU = Debug|Any CPU
		Release|Any CPU = Release|Any CPU
	EndGlobalSection
	GlobalSection(ProjectConfigurationPlatforms) = postSolution
		{DA9FCD0F-ED1B-4E5A-B975-6315E408F2B8}.Debug|Any CPU.ActiveCfg = Debug|Any CPU
		{DA9FCD0F-ED1B-4E5A-B975-6315E408F2B8}.Debug|Any CPU.Build.0 = Debug|Any CPU
		{DA9FCD0F-ED1B-4E5A-B975-6315E408F2B8}.Release|Any CPU.ActiveCfg = Release|Any CPU
		{DA9FCD0F-ED1B-4E5A-B975-6315E408F2B8}.Release|Any CPU.Build.0 = Release|Any CPU
	EndGlobalSection
	GlobalSection(SolutionProperties) = preSolution
		HideSolutionNode = FALSE
	EndGlobalSection
	GlobalSection(ExtensibilityGlobals) = postSolution
		SolutionGuid = {E5A712CA-6BE4-4E71-8306-D1C2104B2F29}
	EndGlobalSection
EndGlobal
