
Microsoft Visual Studio Solution File, Format Version 12.00
# Visual Studio Version 16
VisualStudioVersion = 16.0.31515.178
MinimumVisualStudioVersion = 10.0.40219.1
Project("{FAE04EC0-301F-11D3-BF4B-00C04F79EFBC}") = "StringsApp", "StringsApp\StringsApp.csproj", "{707DD211-A345-49C2-B2F6-670BE4422D11}"
EndProject
Project("{FAE04EC0-301F-11D3-BF4B-00C04F79EFBC}") = "DatesApp", "DatesApp\DatesApp.csproj", "{A392141A-0B62-4AF2-B4B0-5BD15A9B5BE4}"
EndProject
Global
	GlobalSection(SolutionConfigurationPlatforms) = preSolution
		Debug|Any CPU = Debug|Any CPU
		Release|Any CPU = Release|Any CPU
	EndGlobalSection
	GlobalSection(ProjectConfigurationPlatforms) = postSolution
		{707DD211-A345-49C2-B2F6-670BE4422D11}.Debug|Any CPU.ActiveCfg = Debug|Any CPU
		{707DD211-A345-49C2-B2F6-670BE4422D11}.Debug|Any CPU.Build.0 = Debug|Any CPU
		{707DD211-A345-49C2-B2F6-670BE4422D11}.Release|Any CPU.ActiveCfg = Release|Any CPU
		{707DD211-A345-49C2-B2F6-670BE4422D11}.Release|Any CPU.Build.0 = Release|Any CPU
		{A392141A-0B62-4AF2-B4B0-5BD15A9B5BE4}.Debug|Any CPU.ActiveCfg = Debug|Any CPU
		{A392141A-0B62-4AF2-B4B0-5BD15A9B5BE4}.Debug|Any CPU.Build.0 = Debug|Any CPU
		{A392141A-0B62-4AF2-B4B0-5BD15A9B5BE4}.Release|Any CPU.ActiveCfg = Release|Any CPU
		{A392141A-0B62-4AF2-B4B0-5BD15A9B5BE4}.Release|Any CPU.Build.0 = Release|Any CPU
	EndGlobalSection
	GlobalSection(SolutionProperties) = preSolution
		HideSolutionNode = FALSE
	EndGlobalSection
	GlobalSection(ExtensibilityGlobals) = postSolution
		SolutionGuid = {B33327BB-1BD3-4EC4-AD89-D96508C01C1A}
	EndGlobalSection
EndGlobal
