
Microsoft Visual Studio Solution File, Format Version 12.00
# Visual Studio Version 16
VisualStudioVersion = 16.0.31515.178
MinimumVisualStudioVersion = 10.0.40219.1
Project("{FAE04EC0-301F-11D3-BF4B-00C04F79EFBC}") = "QueueImplementation", "QueueImplementation\QueueImplementation.csproj", "{1A580082-4613-47ED-9DDD-F448BCF5F0D4}"
EndProject
Global
	GlobalSection(SolutionConfigurationPlatforms) = preSolution
		Debug|Any CPU = Debug|Any CPU
		Release|Any CPU = Release|Any CPU
	EndGlobalSection
	GlobalSection(ProjectConfigurationPlatforms) = postSolution
		{1A580082-4613-47ED-9DDD-F448BCF5F0D4}.Debug|Any CPU.ActiveCfg = Debug|Any CPU
		{1A580082-4613-47ED-9DDD-F448BCF5F0D4}.Debug|Any CPU.Build.0 = Debug|Any CPU
		{1A580082-4613-47ED-9DDD-F448BCF5F0D4}.Release|Any CPU.ActiveCfg = Release|Any CPU
		{1A580082-4613-47ED-9DDD-F448BCF5F0D4}.Release|Any CPU.Build.0 = Release|Any CPU
	EndGlobalSection
	GlobalSection(SolutionProperties) = preSolution
		HideSolutionNode = FALSE
	EndGlobalSection
	GlobalSection(ExtensibilityGlobals) = postSolution
		SolutionGuid = {EB427284-6F6C-4663-8A88-2601E4F49254}
	EndGlobalSection
EndGlobal
