
Microsoft Visual Studio Solution File, Format Version 12.00
# Visual Studio Version 16
VisualStudioVersion = 16.0.31515.178
MinimumVisualStudioVersion = 10.0.40219.1
Project("{9A19103F-16F7-4668-BE54-9A1E7A4F7556}") = "Demo", "Demo\Demo.csproj", "{63551EA2-401E-419F-9095-7B2D4A6D1B97}"
EndProject
Project("{FAE04EC0-301F-11D3-BF4B-00C04F79EFBC}") = "Models", "Models\Models.csproj", "{37753943-0A1F-4873-A540-DFAAD4C30B06}"
EndProject
Project("{FAE04EC0-301F-11D3-BF4B-00C04F79EFBC}") = "Factory", "Factory\Factory.csproj", "{F8F376D2-2686-43A0-B94C-1AAC69156B67}"
EndProject
Global
	GlobalSection(SolutionConfigurationPlatforms) = preSolution
		Debug|Any CPU = Debug|Any CPU
		Release|Any CPU = Release|Any CPU
	EndGlobalSection
	GlobalSection(ProjectConfigurationPlatforms) = postSolution
		{63551EA2-401E-419F-9095-7B2D4A6D1B97}.Debug|Any CPU.ActiveCfg = Debug|Any CPU
		{63551EA2-401E-419F-9095-7B2D4A6D1B97}.Debug|Any CPU.Build.0 = Debug|Any CPU
		{63551EA2-401E-419F-9095-7B2D4A6D1B97}.Release|Any CPU.ActiveCfg = Release|Any CPU
		{63551EA2-401E-419F-9095-7B2D4A6D1B97}.Release|Any CPU.Build.0 = Release|Any CPU
		{37753943-0A1F-4873-A540-DFAAD4C30B06}.Debug|Any CPU.ActiveCfg = Debug|Any CPU
		{37753943-0A1F-4873-A540-DFAAD4C30B06}.Debug|Any CPU.Build.0 = Debug|Any CPU
		{37753943-0A1F-4873-A540-DFAAD4C30B06}.Release|Any CPU.ActiveCfg = Release|Any CPU
		{37753943-0A1F-4873-A540-DFAAD4C30B06}.Release|Any CPU.Build.0 = Release|Any CPU
		{F8F376D2-2686-43A0-B94C-1AAC69156B67}.Debug|Any CPU.ActiveCfg = Debug|Any CPU
		{F8F376D2-2686-43A0-B94C-1AAC69156B67}.Debug|Any CPU.Build.0 = Debug|Any CPU
		{F8F376D2-2686-43A0-B94C-1AAC69156B67}.Release|Any CPU.ActiveCfg = Release|Any CPU
		{F8F376D2-2686-43A0-B94C-1AAC69156B67}.Release|Any CPU.Build.0 = Release|Any CPU
	EndGlobalSection
	GlobalSection(SolutionProperties) = preSolution
		HideSolutionNode = FALSE
	EndGlobalSection
	GlobalSection(ExtensibilityGlobals) = postSolution
		SolutionGuid = {D228E7A4-A336-401D-944A-211C576F9AB8}
	EndGlobalSection
EndGlobal
